// !$*UTF8*$!
{
	archiveVersion = 1;
	classes = {
	};
	objectVersion = 56;
	objects = {

/* Begin PBXBuildFile section */
		7E026EA22ABB245300551FC1 /* chat_swiftApp.swift in Sources */ = {isa = PBXBuildFile; fileRef = 7E026EA12ABB245300551FC1 /* chat_swiftApp.swift */; };
		7E026EA42ABB245300551FC1 /* RootView.swift in Sources */ = {isa = PBXBuildFile; fileRef = 7E026EA32ABB245300551FC1 /* RootView.swift */; };
		7E026EA62ABB245400551FC1 /* Assets.xcassets in Resources */ = {isa = PBXBuildFile; fileRef = 7E026EA52ABB245400551FC1 /* Assets.xcassets */; };
		7E026EA92ABB245400551FC1 /* Preview Assets.xcassets in Resources */ = {isa = PBXBuildFile; fileRef = 7E026EA82ABB245400551FC1 /* Preview Assets.xcassets */; };
		7E2B05A12AC569330065BD8B /* ChatBubbleShape.swift in Sources */ = {isa = PBXBuildFile; fileRef = 7E2B05A02AC569330065BD8B /* ChatBubbleShape.swift */; };
		7E2B05A32AC56BE90065BD8B /* Direction.swift in Sources */ = {isa = PBXBuildFile; fileRef = 7E2B05A22AC56BE90065BD8B /* Direction.swift */; };
		7E2B05A52AC56E1A0065BD8B /* Notice.swift in Sources */ = {isa = PBXBuildFile; fileRef = 7E2B05A42AC56E1A0065BD8B /* Notice.swift */; };
		7EB334FD2AC51C110057D672 /* StompManager.swift in Sources */ = {isa = PBXBuildFile; fileRef = 7EB334FC2AC51C110057D672 /* StompManager.swift */; };
		7EB4758C2AC539ED00EF5685 /* Url.swift in Sources */ = {isa = PBXBuildFile; fileRef = 7EB4758B2AC539ED00EF5685 /* Url.swift */; };
		7EB4758E2AC53D8500EF5685 /* MessageBody.swift in Sources */ = {isa = PBXBuildFile; fileRef = 7EB4758D2AC53D8500EF5685 /* MessageBody.swift */; };
		7EB475922AC53E6200EF5685 /* MessageType.swift in Sources */ = {isa = PBXBuildFile; fileRef = 7EB475912AC53E6200EF5685 /* MessageType.swift */; };
		7EB475942AC53F1700EF5685 /* ChatViewModel.swift in Sources */ = {isa = PBXBuildFile; fileRef = 7EB475932AC53F1700EF5685 /* ChatViewModel.swift */; };
		7EB475962AC5469700EF5685 /* DefaultKey.swift in Sources */ = {isa = PBXBuildFile; fileRef = 7EB475952AC5469700EF5685 /* DefaultKey.swift */; };
		7EB475992AC54B0000EF5685 /* OSLog.swift in Sources */ = {isa = PBXBuildFile; fileRef = 7EB475982AC54B0000EF5685 /* OSLog.swift */; };
		7EB4759F2AC54B4B00EF5685 /* ChatView.swift in Sources */ = {isa = PBXBuildFile; fileRef = 7EB4759E2AC54B4B00EF5685 /* ChatView.swift */; };
		7EB475A52AC553E100EF5685 /* Bubble.swift in Sources */ = {isa = PBXBuildFile; fileRef = 7EB475A42AC553E100EF5685 /* Bubble.swift */; };
		7EB475A72AC553E600EF5685 /* InputField.swift in Sources */ = {isa = PBXBuildFile; fileRef = 7EB475A62AC553E600EF5685 /* InputField.swift */; };
		7EB475AA2AC5570600EF5685 /* UIColor+HexColor.swift in Sources */ = {isa = PBXBuildFile; fileRef = 7EB475A92AC5570600EF5685 /* UIColor+HexColor.swift */; };
		9EBD4FF57A7F53FFC660B6D3 /* Pods_chat_swift.framework in Frameworks */ = {isa = PBXBuildFile; fileRef = A69BCD5123CB75E838413AE4 /* Pods_chat_swift.framework */; };
/* End PBXBuildFile section */

/* Begin PBXFileReference section */
		563ED54D0484D13544BAD8A2 /* Pods-chat_swift.release.xcconfig */ = {isa = PBXFileReference; includeInIndex = 1; lastKnownFileType = text.xcconfig; name = "Pods-chat_swift.release.xcconfig"; path = "Target Support Files/Pods-chat_swift/Pods-chat_swift.release.xcconfig"; sourceTree = "<group>"; };
		7E026E9E2ABB245300551FC1 /* chat_swift.app */ = {isa = PBXFileReference; explicitFileType = wrapper.application; includeInIndex = 0; path = chat_swift.app; sourceTree = BUILT_PRODUCTS_DIR; };
		7E026EA12ABB245300551FC1 /* chat_swiftApp.swift */ = {isa = PBXFileReference; lastKnownFileType = sourcecode.swift; path = chat_swiftApp.swift; sourceTree = "<group>"; };
		7E026EA32ABB245300551FC1 /* RootView.swift */ = {isa = PBXFileReference; lastKnownFileType = sourcecode.swift; path = RootView.swift; sourceTree = "<group>"; };
		7E026EA52ABB245400551FC1 /* Assets.xcassets */ = {isa = PBXFileReference; lastKnownFileType = folder.assetcatalog; path = Assets.xcassets; sourceTree = "<group>"; };
		7E026EA82ABB245400551FC1 /* Preview Assets.xcassets */ = {isa = PBXFileReference; lastKnownFileType = folder.assetcatalog; path = "Preview Assets.xcassets"; sourceTree = "<group>"; };
		7E2B05A02AC569330065BD8B /* ChatBubbleShape.swift */ = {isa = PBXFileReference; lastKnownFileType = sourcecode.swift; path = ChatBubbleShape.swift; sourceTree = "<group>"; };
		7E2B05A22AC56BE90065BD8B /* Direction.swift */ = {isa = PBXFileReference; lastKnownFileType = sourcecode.swift; path = Direction.swift; sourceTree = "<group>"; };
		7E2B05A42AC56E1A0065BD8B /* Notice.swift */ = {isa = PBXFileReference; lastKnownFileType = sourcecode.swift; path = Notice.swift; sourceTree = "<group>"; };
		7EB334FC2AC51C110057D672 /* StompManager.swift */ = {isa = PBXFileReference; lastKnownFileType = sourcecode.swift; path = StompManager.swift; sourceTree = "<group>"; };
		7EB4758B2AC539ED00EF5685 /* Url.swift */ = {isa = PBXFileReference; lastKnownFileType = sourcecode.swift; path = Url.swift; sourceTree = "<group>"; };
		7EB4758D2AC53D8500EF5685 /* MessageBody.swift */ = {isa = PBXFileReference; lastKnownFileType = sourcecode.swift; path = MessageBody.swift; sourceTree = "<group>"; };
		7EB475912AC53E6200EF5685 /* MessageType.swift */ = {isa = PBXFileReference; lastKnownFileType = sourcecode.swift; path = MessageType.swift; sourceTree = "<group>"; };
		7EB475932AC53F1700EF5685 /* ChatViewModel.swift */ = {isa = PBXFileReference; lastKnownFileType = sourcecode.swift; path = ChatViewModel.swift; sourceTree = "<group>"; };
		7EB475952AC5469700EF5685 /* DefaultKey.swift */ = {isa = PBXFileReference; lastKnownFileType = sourcecode.swift; path = DefaultKey.swift; sourceTree = "<group>"; };
		7EB475982AC54B0000EF5685 /* OSLog.swift */ = {isa = PBXFileReference; lastKnownFileType = sourcecode.swift; path = OSLog.swift; sourceTree = "<group>"; };
		7EB4759E2AC54B4B00EF5685 /* ChatView.swift */ = {isa = PBXFileReference; lastKnownFileType = sourcecode.swift; path = ChatView.swift; sourceTree = "<group>"; };
		7EB475A42AC553E100EF5685 /* Bubble.swift */ = {isa = PBXFileReference; lastKnownFileType = sourcecode.swift; path = Bubble.swift; sourceTree = "<group>"; };
		7EB475A62AC553E600EF5685 /* InputField.swift */ = {isa = PBXFileReference; lastKnownFileType = sourcecode.swift; path = InputField.swift; sourceTree = "<group>"; };
		7EB475A92AC5570600EF5685 /* UIColor+HexColor.swift */ = {isa = PBXFileReference; lastKnownFileType = sourcecode.swift; path = "UIColor+HexColor.swift"; sourceTree = "<group>"; };
		9AB80D5B5336E108348AC748 /* Pods-chat_swift.debug.xcconfig */ = {isa = PBXFileReference; includeInIndex = 1; lastKnownFileType = text.xcconfig; name = "Pods-chat_swift.debug.xcconfig"; path = "Target Support Files/Pods-chat_swift/Pods-chat_swift.debug.xcconfig"; sourceTree = "<group>"; };
		A69BCD5123CB75E838413AE4 /* Pods_chat_swift.framework */ = {isa = PBXFileReference; explicitFileType = wrapper.framework; includeInIndex = 0; path = Pods_chat_swift.framework; sourceTree = BUILT_PRODUCTS_DIR; };
/* End PBXFileReference section */

/* Begin PBXFrameworksBuildPhase section */
		7E026E9B2ABB245300551FC1 /* Frameworks */ = {
			isa = PBXFrameworksBuildPhase;
			buildActionMask = 2147483647;
			files = (
				9EBD4FF57A7F53FFC660B6D3 /* Pods_chat_swift.framework in Frameworks */,
			);
			runOnlyForDeploymentPostprocessing = 0;
		};
/* End PBXFrameworksBuildPhase section */

/* Begin PBXGroup section */
		1D6431524975D28FEB338B8C /* Frameworks */ = {
			isa = PBXGroup;
			children = (
				A69BCD5123CB75E838413AE4 /* Pods_chat_swift.framework */,
			);
			name = Frameworks;
			sourceTree = "<group>";
		};
		72154D92B5D50217ABBAD73B /* Pods */ = {
			isa = PBXGroup;
			children = (
				9AB80D5B5336E108348AC748 /* Pods-chat_swift.debug.xcconfig */,
				563ED54D0484D13544BAD8A2 /* Pods-chat_swift.release.xcconfig */,
			);
			path = Pods;
			sourceTree = "<group>";
		};
		7E026E952ABB245300551FC1 = {
			isa = PBXGroup;
			children = (
				7E026EA02ABB245300551FC1 /* chat_swift */,
				7E026E9F2ABB245300551FC1 /* Products */,
				72154D92B5D50217ABBAD73B /* Pods */,
				1D6431524975D28FEB338B8C /* Frameworks */,
			);
			sourceTree = "<group>";
		};
		7E026E9F2ABB245300551FC1 /* Products */ = {
			isa = PBXGroup;
			children = (
				7E026E9E2ABB245300551FC1 /* chat_swift.app */,
			);
			name = Products;
			sourceTree = "<group>";
		};
		7E026EA02ABB245300551FC1 /* chat_swift */ = {
			isa = PBXGroup;
			children = (
				7EB475A82AC556F000EF5685 /* Extension */,
				7EB475A12AC553D400EF5685 /* Component */,
				7EB4758F2AC53E4800EF5685 /* Common */,
				7EB334FB2AC51BDB0057D672 /* View */,
				7EB334FA2AC51BD60057D672 /* ViewModel */,
				7EB334F92AC51BD10057D672 /* Service */,
				7EB334F82AC51BC90057D672 /* Model */,
				7E026EA12ABB245300551FC1 /* chat_swiftApp.swift */,
				7E026EA52ABB245400551FC1 /* Assets.xcassets */,
				7E026EA72ABB245400551FC1 /* Preview Content */,
			);
			path = chat_swift;
			sourceTree = "<group>";
		};
		7E026EA72ABB245400551FC1 /* Preview Content */ = {
			isa = PBXGroup;
			children = (
				7E026EA82ABB245400551FC1 /* Preview Assets.xcassets */,
			);
			path = "Preview Content";
			sourceTree = "<group>";
		};
		7E2B059F2AC569270065BD8B /* BubbleAddOns */ = {
			isa = PBXGroup;
			children = (
				7E2B05A02AC569330065BD8B /* ChatBubbleShape.swift */,
			);
			path = BubbleAddOns;
			sourceTree = "<group>";
		};
		7EB334F82AC51BC90057D672 /* Model */ = {
			isa = PBXGroup;
			children = (
				7EB4758D2AC53D8500EF5685 /* MessageBody.swift */,
			);
			path = Model;
			sourceTree = "<group>";
		};
		7EB334F92AC51BD10057D672 /* Service */ = {
			isa = PBXGroup;
			children = (
				7EB334FC2AC51C110057D672 /* StompManager.swift */,
				7EB4758B2AC539ED00EF5685 /* Url.swift */,
			);
			path = Service;
			sourceTree = "<group>";
		};
		7EB334FA2AC51BD60057D672 /* ViewModel */ = {
			isa = PBXGroup;
			children = (
				7EB4759D2AC54B3000EF5685 /* Chat */,
			);
			path = ViewModel;
			sourceTree = "<group>";
		};
		7EB334FB2AC51BDB0057D672 /* View */ = {
			isa = PBXGroup;
			children = (
				7EB4759C2AC54B2B00EF5685 /* Chat */,
				7E026EA32ABB245300551FC1 /* RootView.swift */,
			);
			path = View;
			sourceTree = "<group>";
		};
		7EB4758F2AC53E4800EF5685 /* Common */ = {
			isa = PBXGroup;
			children = (
				7EB475972AC54AFC00EF5685 /* Utils */,
				7EB475902AC53E4C00EF5685 /* Enumerations */,
			);
			path = Common;
			sourceTree = "<group>";
		};
		7EB475902AC53E4C00EF5685 /* Enumerations */ = {
			isa = PBXGroup;
			children = (
				7EB475912AC53E6200EF5685 /* MessageType.swift */,
				7EB475952AC5469700EF5685 /* DefaultKey.swift */,
				7E2B05A22AC56BE90065BD8B /* Direction.swift */,
			);
			path = Enumerations;
			sourceTree = "<group>";
		};
		7EB475972AC54AFC00EF5685 /* Utils */ = {
			isa = PBXGroup;
			children = (
				7EB475982AC54B0000EF5685 /* OSLog.swift */,
			);
			path = Utils;
			sourceTree = "<group>";
		};
		7EB4759C2AC54B2B00EF5685 /* Chat */ = {
			isa = PBXGroup;
			children = (
				7EB4759E2AC54B4B00EF5685 /* ChatView.swift */,
			);
			path = Chat;
			sourceTree = "<group>";
		};
		7EB4759D2AC54B3000EF5685 /* Chat */ = {
			isa = PBXGroup;
			children = (
				7EB475932AC53F1700EF5685 /* ChatViewModel.swift */,
			);
			path = Chat;
			sourceTree = "<group>";
		};
		7EB475A12AC553D400EF5685 /* Component */ = {
			isa = PBXGroup;
			children = (
				7EB475A22AC553D800EF5685 /* Chat */,
			);
			path = Component;
			sourceTree = "<group>";
		};
		7EB475A22AC553D800EF5685 /* Chat */ = {
			isa = PBXGroup;
			children = (
				7E2B059F2AC569270065BD8B /* BubbleAddOns */,
				7EB475A42AC553E100EF5685 /* Bubble.swift */,
				7EB475A62AC553E600EF5685 /* InputField.swift */,
				7E2B05A42AC56E1A0065BD8B /* Notice.swift */,
			);
			path = Chat;
			sourceTree = "<group>";
		};
		7EB475A82AC556F000EF5685 /* Extension */ = {
			isa = PBXGroup;
			children = (
				7EB475A92AC5570600EF5685 /* UIColor+HexColor.swift */,
			);
			path = Extension;
			sourceTree = "<group>";
		};
/* End PBXGroup section */

/* Begin PBXNativeTarget section */
		7E026E9D2ABB245300551FC1 /* chat_swift */ = {
			isa = PBXNativeTarget;
			buildConfigurationList = 7E026EAC2ABB245400551FC1 /* Build configuration list for PBXNativeTarget "chat_swift" */;
			buildPhases = (
				0B346513924618CFC96059FA /* [CP] Check Pods Manifest.lock */,
				7E026E9A2ABB245300551FC1 /* Sources */,
				7E026E9B2ABB245300551FC1 /* Frameworks */,
				7E026E9C2ABB245300551FC1 /* Resources */,
				FB6E54861E8FB9D87B44A396 /* [CP] Embed Pods Frameworks */,
			);
			buildRules = (
			);
			dependencies = (
			);
			name = chat_swift;
			productName = chat_swift;
			productReference = 7E026E9E2ABB245300551FC1 /* chat_swift.app */;
			productType = "com.apple.product-type.application";
		};
/* End PBXNativeTarget section */

/* Begin PBXProject section */
		7E026E962ABB245300551FC1 /* Project object */ = {
			isa = PBXProject;
			attributes = {
				BuildIndependentTargetsInParallel = 1;
				LastSwiftUpdateCheck = 1430;
				LastUpgradeCheck = 1430;
				TargetAttributes = {
					7E026E9D2ABB245300551FC1 = {
						CreatedOnToolsVersion = 14.3.1;
					};
				};
			};
			buildConfigurationList = 7E026E992ABB245300551FC1 /* Build configuration list for PBXProject "chat_swift" */;
			compatibilityVersion = "Xcode 14.0";
			developmentRegion = en;
			hasScannedForEncodings = 0;
			knownRegions = (
				en,
				Base,
			);
			mainGroup = 7E026E952ABB245300551FC1;
			productRefGroup = 7E026E9F2ABB245300551FC1 /* Products */;
			projectDirPath = "";
			projectRoot = "";
			targets = (
				7E026E9D2ABB245300551FC1 /* chat_swift */,
			);
		};
/* End PBXProject section */

/* Begin PBXResourcesBuildPhase section */
		7E026E9C2ABB245300551FC1 /* Resources */ = {
			isa = PBXResourcesBuildPhase;
			buildActionMask = 2147483647;
			files = (
				7E026EA92ABB245400551FC1 /* Preview Assets.xcassets in Resources */,
				7E026EA62ABB245400551FC1 /* Assets.xcassets in Resources */,
			);
			runOnlyForDeploymentPostprocessing = 0;
		};
/* End PBXResourcesBuildPhase section */

/* Begin PBXShellScriptBuildPhase section */
		0B346513924618CFC96059FA /* [CP] Check Pods Manifest.lock */ = {
			isa = PBXShellScriptBuildPhase;
			buildActionMask = 2147483647;
			files = (
			);
			inputFileListPaths = (
			);
			inputPaths = (
				"${PODS_PODFILE_DIR_PATH}/Podfile.lock",
				"${PODS_ROOT}/Manifest.lock",
			);
			name = "[CP] Check Pods Manifest.lock";
			outputFileListPaths = (
			);
			outputPaths = (
				"$(DERIVED_FILE_DIR)/Pods-chat_swift-checkManifestLockResult.txt",
			);
			runOnlyForDeploymentPostprocessing = 0;
			shellPath = /bin/sh;
			shellScript = "diff \"${PODS_PODFILE_DIR_PATH}/Podfile.lock\" \"${PODS_ROOT}/Manifest.lock\" > /dev/null\nif [ $? != 0 ] ; then\n    # print error to STDERR\n    echo \"error: The sandbox is not in sync with the Podfile.lock. Run 'pod install' or update your CocoaPods installation.\" >&2\n    exit 1\nfi\n# This output is used by Xcode 'outputs' to avoid re-running this script phase.\necho \"SUCCESS\" > \"${SCRIPT_OUTPUT_FILE_0}\"\n";
			showEnvVarsInLog = 0;
		};
		FB6E54861E8FB9D87B44A396 /* [CP] Embed Pods Frameworks */ = {
			isa = PBXShellScriptBuildPhase;
			buildActionMask = 2147483647;
			files = (
			);
			inputFileListPaths = (
				"${PODS_ROOT}/Target Support Files/Pods-chat_swift/Pods-chat_swift-frameworks-${CONFIGURATION}-input-files.xcfilelist",
			);
			name = "[CP] Embed Pods Frameworks";
			outputFileListPaths = (
				"${PODS_ROOT}/Target Support Files/Pods-chat_swift/Pods-chat_swift-frameworks-${CONFIGURATION}-output-files.xcfilelist",
			);
			runOnlyForDeploymentPostprocessing = 0;
			shellPath = /bin/sh;
			shellScript = "\"${PODS_ROOT}/Target Support Files/Pods-chat_swift/Pods-chat_swift-frameworks.sh\"\n";
			showEnvVarsInLog = 0;
		};
/* End PBXShellScriptBuildPhase section */

/* Begin PBXSourcesBuildPhase section */
		7E026E9A2ABB245300551FC1 /* Sources */ = {
			isa = PBXSourcesBuildPhase;
			buildActionMask = 2147483647;
			files = (
				7EB334FD2AC51C110057D672 /* StompManager.swift in Sources */,
				7EB475962AC5469700EF5685 /* DefaultKey.swift in Sources */,
				7EB4759F2AC54B4B00EF5685 /* ChatView.swift in Sources */,
				7EB475942AC53F1700EF5685 /* ChatViewModel.swift in Sources */,
				7E026EA42ABB245300551FC1 /* RootView.swift in Sources */,
				7EB4758E2AC53D8500EF5685 /* MessageBody.swift in Sources */,
				7EB475AA2AC5570600EF5685 /* UIColor+HexColor.swift in Sources */,
				7EB475A72AC553E600EF5685 /* InputField.swift in Sources */,
				7E2B05A32AC56BE90065BD8B /* Direction.swift in Sources */,
				7E2B05A52AC56E1A0065BD8B /* Notice.swift in Sources */,
				7EB475A52AC553E100EF5685 /* Bubble.swift in Sources */,
				7E2B05A12AC569330065BD8B /* ChatBubbleShape.swift in Sources */,
				7EB475922AC53E6200EF5685 /* MessageType.swift in Sources */,
				7E026EA22ABB245300551FC1 /* chat_swiftApp.swift in Sources */,
				7EB4758C2AC539ED00EF5685 /* Url.swift in Sources */,
				7EB475992AC54B0000EF5685 /* OSLog.swift in Sources */,
			);
			runOnlyForDeploymentPostprocessing = 0;
		};
/* End PBXSourcesBuildPhase section */

/* Begin XCBuildConfiguration section */
		7E026EAA2ABB245400551FC1 /* Debug */ = {
			isa = XCBuildConfiguration;
			buildSettings = {
				ALWAYS_SEARCH_USER_PATHS = NO;
				CLANG_ANALYZER_NONNULL = YES;
				CLANG_ANALYZER_NUMBER_OBJECT_CONVERSION = YES_AGGRESSIVE;
				CLANG_CXX_LANGUAGE_STANDARD = "gnu++20";
				CLANG_ENABLE_MODULES = YES;
				CLANG_ENABLE_OBJC_ARC = YES;
				CLANG_ENABLE_OBJC_WEAK = YES;
				CLANG_WARN_BLOCK_CAPTURE_AUTORELEASING = YES;
				CLANG_WARN_BOOL_CONVERSION = YES;
				CLANG_WARN_COMMA = YES;
				CLANG_WARN_CONSTANT_CONVERSION = YES;
				CLANG_WARN_DEPRECATED_OBJC_IMPLEMENTATIONS = YES;
				CLANG_WARN_DIRECT_OBJC_ISA_USAGE = YES_ERROR;
				CLANG_WARN_DOCUMENTATION_COMMENTS = YES;
				CLANG_WARN_EMPTY_BODY = YES;
				CLANG_WARN_ENUM_CONVERSION = YES;
				CLANG_WARN_INFINITE_RECURSION = YES;
				CLANG_WARN_INT_CONVERSION = YES;
				CLANG_WARN_NON_LITERAL_NULL_CONVERSION = YES;
				CLANG_WARN_OBJC_IMPLICIT_RETAIN_SELF = YES;
				CLANG_WARN_OBJC_LITERAL_CONVERSION = YES;
				CLANG_WARN_OBJC_ROOT_CLASS = YES_ERROR;
				CLANG_WARN_QUOTED_INCLUDE_IN_FRAMEWORK_HEADER = YES;
				CLANG_WARN_RANGE_LOOP_ANALYSIS = YES;
				CLANG_WARN_STRICT_PROTOTYPES = YES;
				CLANG_WARN_SUSPICIOUS_MOVE = YES;
				CLANG_WARN_UNGUARDED_AVAILABILITY = YES_AGGRESSIVE;
				CLANG_WARN_UNREACHABLE_CODE = YES;
				CLANG_WARN__DUPLICATE_METHOD_MATCH = YES;
				COPY_PHASE_STRIP = NO;
				DEBUG_INFORMATION_FORMAT = dwarf;
				ENABLE_STRICT_OBJC_MSGSEND = YES;
				ENABLE_TESTABILITY = YES;
				GCC_C_LANGUAGE_STANDARD = gnu11;
				GCC_DYNAMIC_NO_PIC = NO;
				GCC_NO_COMMON_BLOCKS = YES;
				GCC_OPTIMIZATION_LEVEL = 0;
				GCC_PREPROCESSOR_DEFINITIONS = (
					"DEBUG=1",
					"$(inherited)",
				);
				GCC_WARN_64_TO_32_BIT_CONVERSION = YES;
				GCC_WARN_ABOUT_RETURN_TYPE = YES_ERROR;
				GCC_WARN_UNDECLARED_SELECTOR = YES;
				GCC_WARN_UNINITIALIZED_AUTOS = YES_AGGRESSIVE;
				GCC_WARN_UNUSED_FUNCTION = YES;
				GCC_WARN_UNUSED_VARIABLE = YES;
				IPHONEOS_DEPLOYMENT_TARGET = 16.4;
				MTL_ENABLE_DEBUG_INFO = INCLUDE_SOURCE;
				MTL_FAST_MATH = YES;
				ONLY_ACTIVE_ARCH = YES;
				SDKROOT = iphoneos;
				SWIFT_ACTIVE_COMPILATION_CONDITIONS = DEBUG;
				SWIFT_OPTIMIZATION_LEVEL = "-Onone";
			};
			name = Debug;
		};
		7E026EAB2ABB245400551FC1 /* Release */ = {
			isa = XCBuildConfiguration;
			buildSettings = {
				ALWAYS_SEARCH_USER_PATHS = NO;
				CLANG_ANALYZER_NONNULL = YES;
				CLANG_ANALYZER_NUMBER_OBJECT_CONVERSION = YES_AGGRESSIVE;
				CLANG_CXX_LANGUAGE_STANDARD = "gnu++20";
				CLANG_ENABLE_MODULES = YES;
				CLANG_ENABLE_OBJC_ARC = YES;
				CLANG_ENABLE_OBJC_WEAK = YES;
				CLANG_WARN_BLOCK_CAPTURE_AUTORELEASING = YES;
				CLANG_WARN_BOOL_CONVERSION = YES;
				CLANG_WARN_COMMA = YES;
				CLANG_WARN_CONSTANT_CONVERSION = YES;
				CLANG_WARN_DEPRECATED_OBJC_IMPLEMENTATIONS = YES;
				CLANG_WARN_DIRECT_OBJC_ISA_USAGE = YES_ERROR;
				CLANG_WARN_DOCUMENTATION_COMMENTS = YES;
				CLANG_WARN_EMPTY_BODY = YES;
				CLANG_WARN_ENUM_CONVERSION = YES;
				CLANG_WARN_INFINITE_RECURSION = YES;
				CLANG_WARN_INT_CONVERSION = YES;
				CLANG_WARN_NON_LITERAL_NULL_CONVERSION = YES;
				CLANG_WARN_OBJC_IMPLICIT_RETAIN_SELF = YES;
				CLANG_WARN_OBJC_LITERAL_CONVERSION = YES;
				CLANG_WARN_OBJC_ROOT_CLASS = YES_ERROR;
				CLANG_WARN_QUOTED_INCLUDE_IN_FRAMEWORK_HEADER = YES;
				CLANG_WARN_RANGE_LOOP_ANALYSIS = YES;
				CLANG_WARN_STRICT_PROTOTYPES = YES;
				CLANG_WARN_SUSPICIOUS_MOVE = YES;
				CLANG_WARN_UNGUARDED_AVAILABILITY = YES_AGGRESSIVE;
				CLANG_WARN_UNREACHABLE_CODE = YES;
				CLANG_WARN__DUPLICATE_METHOD_MATCH = YES;
				COPY_PHASE_STRIP = NO;
				DEBUG_INFORMATION_FORMAT = "dwarf-with-dsym";
				ENABLE_NS_ASSERTIONS = NO;
				ENABLE_STRICT_OBJC_MSGSEND = YES;
				GCC_C_LANGUAGE_STANDARD = gnu11;
				GCC_NO_COMMON_BLOCKS = YES;
				GCC_WARN_64_TO_32_BIT_CONVERSION = YES;
				GCC_WARN_ABOUT_RETURN_TYPE = YES_ERROR;
				GCC_WARN_UNDECLARED_SELECTOR = YES;
				GCC_WARN_UNINITIALIZED_AUTOS = YES_AGGRESSIVE;
				GCC_WARN_UNUSED_FUNCTION = YES;
				GCC_WARN_UNUSED_VARIABLE = YES;
				IPHONEOS_DEPLOYMENT_TARGET = 16.4;
				MTL_ENABLE_DEBUG_INFO = NO;
				MTL_FAST_MATH = YES;
				SDKROOT = iphoneos;
				SWIFT_COMPILATION_MODE = wholemodule;
				SWIFT_OPTIMIZATION_LEVEL = "-O";
				VALIDATE_PRODUCT = YES;
			};
			name = Release;
		};
		7E026EAD2ABB245400551FC1 /* Debug */ = {
			isa = XCBuildConfiguration;
			baseConfigurationReference = 9AB80D5B5336E108348AC748 /* Pods-chat_swift.debug.xcconfig */;
			buildSettings = {
				ASSETCATALOG_COMPILER_APPICON_NAME = AppIcon;
				ASSETCATALOG_COMPILER_GLOBAL_ACCENT_COLOR_NAME = AccentColor;
				CODE_SIGN_STYLE = Automatic;
				CURRENT_PROJECT_VERSION = 1;
				DEVELOPMENT_ASSET_PATHS = "\"chat_swift/Preview Content\"";
				DEVELOPMENT_TEAM = NL7TARX6W5;
				ENABLE_PREVIEWS = YES;
				GENERATE_INFOPLIST_FILE = YES;
				INFOPLIST_KEY_CFBundleDisplayName = SimpleChat;
				INFOPLIST_KEY_UIApplicationSceneManifest_Generation = YES;
				INFOPLIST_KEY_UIApplicationSupportsIndirectInputEvents = YES;
				INFOPLIST_KEY_UILaunchScreen_Generation = YES;
				INFOPLIST_KEY_UISupportedInterfaceOrientations = UIInterfaceOrientationPortrait;
				INFOPLIST_KEY_UISupportedInterfaceOrientations_iPad = "UIInterfaceOrientationLandscapeLeft UIInterfaceOrientationLandscapeRight UIInterfaceOrientationPortrait UIInterfaceOrientationPortraitUpsideDown";
				IPHONEOS_DEPLOYMENT_TARGET = 16.0;
				LD_RUNPATH_SEARCH_PATHS = (
					"$(inherited)",
					"@executable_path/Frameworks",
				);
				MARKETING_VERSION = 1.0;
				PRODUCT_BUNDLE_IDENTIFIER = "com.newkayak12.chat-swift";
				PRODUCT_NAME = "$(TARGET_NAME)";
				SUPPORTED_PLATFORMS = "iphoneos iphonesimulator";
				SUPPORTS_MACCATALYST = NO;
				SUPPORTS_MAC_DESIGNED_FOR_IPHONE_IPAD = NO;
				SWIFT_EMIT_LOC_STRINGS = YES;
				SWIFT_VERSION = 5.0;
				TARGETED_DEVICE_FAMILY = 1;
			};
			name = Debug;
		};
		7E026EAE2ABB245400551FC1 /* Release */ = {
			isa = XCBuildConfiguration;
			baseConfigurationReference = 563ED54D0484D13544BAD8A2 /* Pods-chat_swift.release.xcconfig */;
			buildSettings = {
				ASSETCATALOG_COMPILER_APPICON_NAME = AppIcon;
				ASSETCATALOG_COMPILER_GLOBAL_ACCENT_COLOR_NAME = AccentColor;
				CODE_SIGN_STYLE = Automatic;
				CURRENT_PROJECT_VERSION = 1;
				DEVELOPMENT_ASSET_PATHS = "\"chat_swift/Preview Content\"";
				DEVELOPMENT_TEAM = NL7TARX6W5;
				ENABLE_PREVIEWS = YES;
				GENERATE_INFOPLIST_FILE = YES;
				INFOPLIST_KEY_CFBundleDisplayName = SimpleChat;
				INFOPLIST_KEY_UIApplicationSceneManifest_Generation = YES;
				INFOPLIST_KEY_UIApplicationSupportsIndirectInputEvents = YES;
				INFOPLIST_KEY_UILaunchScreen_Generation = YES;
				INFOPLIST_KEY_UISupportedInterfaceOrientations = UIInterfaceOrientationPortrait;
				INFOPLIST_KEY_UISupportedInterfaceOrientations_iPad = "UIInterfaceOrientationLandscapeLeft UIInterfaceOrientationLandscapeRight UIInterfaceOrientationPortrait UIInterfaceOrientationPortraitUpsideDown";
				IPHONEOS_DEPLOYMENT_TARGET = 16.0;
				LD_RUNPATH_SEARCH_PATHS = (
					"$(inherited)",
					"@executable_path/Frameworks",
				);
				MARKETING_VERSION = 1.0;
				PRODUCT_BUNDLE_IDENTIFIER = "com.newkayak12.chat-swift";
				PRODUCT_NAME = "$(TARGET_NAME)";
				SUPPORTED_PLATFORMS = "iphoneos iphonesimulator";
				SUPPORTS_MACCATALYST = NO;
				SUPPORTS_MAC_DESIGNED_FOR_IPHONE_IPAD = NO;
				SWIFT_EMIT_LOC_STRINGS = YES;
				SWIFT_VERSION = 5.0;
				TARGETED_DEVICE_FAMILY = 1;
			};
			name = Release;
		};
/* End XCBuildConfiguration section */

/* Begin XCConfigurationList section */
		7E026E992ABB245300551FC1 /* Build configuration list for PBXProject "chat_swift" */ = {
			isa = XCConfigurationList;
			buildConfigurations = (
				7E026EAA2ABB245400551FC1 /* Debug */,
				7E026EAB2ABB245400551FC1 /* Release */,
			);
			defaultConfigurationIsVisible = 0;
			defaultConfigurationName = Release;
		};
		7E026EAC2ABB245400551FC1 /* Build configuration list for PBXNativeTarget "chat_swift" */ = {
			isa = XCConfigurationList;
			buildConfigurations = (
				7E026EAD2ABB245400551FC1 /* Debug */,
				7E026EAE2ABB245400551FC1 /* Release */,
			);
			defaultConfigurationIsVisible = 0;
			defaultConfigurationName = Release;
		};
/* End XCConfigurationList section */
	};
	rootObject = 7E026E962ABB245300551FC1 /* Project object */;
}
